{
  "name": "react-city-select-example",
  "version": "0.0.0",
  "lockfileVersion": 2,
  "requires": true,
  "packages": {
    "": {
      "name": "react-city-select-example",
      "version": "0.0.0",
      "dependencies": {
        "@kne/react-city-select": "file:..",
        "antd": "file:../node_modules/antd",
        "react": "file:../node_modules/react",
        "react-dom": "file:../node_modules/react-dom",
        "react-scripts": "file:../node_modules/react-scripts"
      }
    },
    "..": {
      "name": "@kne/react-city-select",
      "version": "1.0.0",
      "license": "ISC",
      "devDependencies": {
        "antd": "^4.18.9",
        "cross-env": "^7.0.3",
        "gh-pages": "^3.2.3",
        "husky": "^7.0.4",
        "microbundle": "^0.14.2",
        "npm-run-all": "^4.1.5",
        "prettier": "^2.5.1",
        "react": "^17.0.2",
        "react-dom": "^17.0.2",
        "react-scripts": "^5.0.0"
      },
      "peerDependencies": {
        "prop-types": ">=15.x",
        "react": ">=16.x"
      }
    },
    "../node_modules/antd": {
      "version": "4.18.9",
      "license": "MIT",
      "dependencies": {
        "@ant-design/colors": "^6.0.0",
        "@ant-design/icons": "^4.7.0",
        "@ant-design/react-slick": "~0.28.1",
        "@babel/runtime": "^7.12.5",
        "@ctrl/tinycolor": "^3.4.0",
        "classnames": "^2.2.6",
        "copy-to-clipboard": "^3.2.0",
        "lodash": "^4.17.21",
        "memoize-one": "^6.0.0",
        "moment": "^2.25.3",
        "rc-cascader": "~3.2.1",
        "rc-checkbox": "~2.3.0",
        "rc-collapse": "~3.1.0",
        "rc-dialog": "~8.6.0",
        "rc-drawer": "~4.4.2",
        "rc-dropdown": "~3.2.5",
        "rc-field-form": "~1.23.0",
        "rc-image": "~5.2.5",
        "rc-input-number": "~7.3.0",
        "rc-mentions": "~1.6.1",
        "rc-menu": "~9.2.1",
        "rc-motion": "^2.4.4",
        "rc-notification": "~4.5.7",
        "rc-pagination": "~3.1.9",
        "rc-picker": "~2.5.17",
        "rc-progress": "~3.2.1",
        "rc-rate": "~2.9.0",
        "rc-resize-observer": "^1.2.0",
        "rc-select": "~14.0.0-alpha.15",
        "rc-slider": "~9.7.4",
        "rc-steps": "~4.1.0",
        "rc-switch": "~3.2.0",
        "rc-table": "~7.23.0",
        "rc-tabs": "~11.10.0",
        "rc-textarea": "~0.3.0",
        "rc-tooltip": "~5.1.1",
        "rc-tree": "~5.4.3",
        "rc-tree-select": "~5.1.1",
        "rc-trigger": "^5.2.10",
        "rc-upload": "~4.3.0",
        "rc-util": "^5.14.0",
        "scroll-into-view-if-needed": "^2.2.25"
      },
      "funding": {
        "type": "opencollective",
        "url": "https://opencollective.com/ant-design"
      },
      "peerDependencies": {
        "react": ">=16.9.0",
        "react-dom": ">=16.9.0"
      }
    },
    "../node_modules/react": {
      "version": "17.0.2",
      "license": "MIT",
      "dependencies": {
        "loose-envify": "^1.1.0",
        "object-assign": "^4.1.1"
      },
      "engines": {
        "node": ">=0.10.0"
      }
    },
    "../node_modules/react-dom": {
      "version": "17.0.2",
      "license": "MIT",
      "dependencies": {
        "loose-envify": "^1.1.0",
        "object-assign": "^4.1.1",
        "scheduler": "^0.20.2"
      },
      "peerDependencies": {
        "react": "17.0.2"
      }
    },
    "../node_modules/react-scripts": {
      "version": "5.0.0",
      "license": "MIT",
      "dependencies": {
        "@babel/core": "^7.16.0",
        "@pmmmwh/react-refresh-webpack-plugin": "^0.5.3",
        "@svgr/webpack": "^5.5.0",
        "babel-jest": "^27.4.2",
        "babel-loader": "^8.2.3",
        "babel-plugin-named-asset-import": "^0.3.8",
        "babel-preset-react-app": "^10.0.1",
        "bfj": "^7.0.2",
        "browserslist": "^4.18.1",
        "camelcase": "^6.2.1",
        "case-sensitive-paths-webpack-plugin": "^2.4.0",
        "css-loader": "^6.5.1",
        "css-minimizer-webpack-plugin": "^3.2.0",
        "dotenv": "^10.0.0",
        "dotenv-expand": "^5.1.0",
        "eslint": "^8.3.0",
        "eslint-config-react-app": "^7.0.0",
        "eslint-webpack-plugin": "^3.1.1",
        "file-loader": "^6.2.0",
        "fs-extra": "^10.0.0",
        "html-webpack-plugin": "^5.5.0",
        "identity-obj-proxy": "^3.0.0",
        "jest": "^27.4.3",
        "jest-resolve": "^27.4.2",
        "jest-watch-typeahead": "^1.0.0",
        "mini-css-extract-plugin": "^2.4.5",
        "postcss": "^8.4.4",
        "postcss-flexbugs-fixes": "^5.0.2",
        "postcss-loader": "^6.2.1",
        "postcss-normalize": "^10.0.1",
        "postcss-preset-env": "^7.0.1",
        "prompts": "^2.4.2",
        "react-app-polyfill": "^3.0.0",
        "react-dev-utils": "^12.0.0",
        "react-refresh": "^0.11.0",
        "resolve": "^1.20.0",
        "resolve-url-loader": "^4.0.0",
        "sass-loader": "^12.3.0",
        "semver": "^7.3.5",
        "source-map-loader": "^3.0.0",
        "style-loader": "^3.3.1",
        "tailwindcss": "^3.0.2",
        "terser-webpack-plugin": "^5.2.5",
        "webpack": "^5.64.4",
        "webpack-dev-server": "^4.6.0",
        "webpack-manifest-plugin": "^4.0.2",
        "workbox-webpack-plugin": "^6.4.1"
      },
      "bin": {
        "react-scripts": "bin/react-scripts.js"
      },
      "engines": {
        "node": ">=14.0.0"
      },
      "optionalDependencies": {
        "fsevents": "^2.3.2"
      },
      "peerDependencies": {
        "react": ">= 16",
        "typescript": "^3.2.1 || ^4"
      },
      "peerDependenciesMeta": {
        "typescript": {
          "optional": true
        }
      }
    },
    "node_modules/@kne/react-city-select": {
      "resolved": "..",
      "link": true
    },
    "node_modules/antd": {
      "resolved": "../node_modules/antd",
      "link": true
    },
    "node_modules/react": {
      "resolved": "../node_modules/react",
      "link": true
    },
    "node_modules/react-dom": {
      "resolved": "../node_modules/react-dom",
      "link": true
    },
    "node_modules/react-scripts": {
      "resolved": "../node_modules/react-scripts",
      "link": true
    }
  },
  "dependencies": {
    "@kne/react-city-select": {
      "version": "file:..",
      "requires": {
        "antd": "^4.18.9",
        "cross-env": "^7.0.3",
        "gh-pages": "^3.2.3",
        "husky": "^7.0.4",
        "microbundle": "^0.14.2",
        "npm-run-all": "^4.1.5",
        "prettier": "^2.5.1",
        "react": "^17.0.2",
        "react-dom": "^17.0.2",
        "react-scripts": "^5.0.0"
      },
      "dependencies": {
        "antd": {
          "version": "4.18.9",
          "requires": {
            "@ant-design/colors": "^6.0.0",
            "@ant-design/icons": "^4.7.0",
            "@ant-design/react-slick": "~0.28.1",
            "@babel/runtime": "^7.12.5",
            "@ctrl/tinycolor": "^3.4.0",
            "classnames": "^2.2.6",
            "copy-to-clipboard": "^3.2.0",
            "lodash": "^4.17.21",
            "memoize-one": "^6.0.0",
            "moment": "^2.25.3",
            "rc-cascader": "~3.2.1",
            "rc-checkbox": "~2.3.0",
            "rc-collapse": "~3.1.0",
            "rc-dialog": "~8.6.0",
            "rc-drawer": "~4.4.2",
            "rc-dropdown": "~3.2.5",
            "rc-field-form": "~1.23.0",
            "rc-image": "~5.2.5",
            "rc-input-number": "~7.3.0",
            "rc-mentions": "~1.6.1",
            "rc-menu": "~9.2.1",
            "rc-motion": "^2.4.4",
            "rc-notification": "~4.5.7",
            "rc-pagination": "~3.1.9",
            "rc-picker": "~2.5.17",
            "rc-progress": "~3.2.1",
            "rc-rate": "~2.9.0",
            "rc-resize-observer": "^1.2.0",
            "rc-select": "~14.0.0-alpha.15",
            "rc-slider": "~9.7.4",
            "rc-steps": "~4.1.0",
            "rc-switch": "~3.2.0",
            "rc-table": "~7.23.0",
            "rc-tabs": "~11.10.0",
            "rc-textarea": "~0.3.0",
            "rc-tooltip": "~5.1.1",
            "rc-tree": "~5.4.3",
            "rc-tree-select": "~5.1.1",
            "rc-trigger": "^5.2.10",
            "rc-upload": "~4.3.0",
            "rc-util": "^5.14.0",
            "scroll-into-view-if-needed": "^2.2.25"
          }
        },
        "react": {
          "version": "17.0.2",
          "requires": {
            "loose-envify": "^1.1.0",
            "object-assign": "^4.1.1"
          }
        },
        "react-dom": {
          "version": "17.0.2",
          "requires": {
            "loose-envify": "^1.1.0",
            "object-assign": "^4.1.1",
            "scheduler": "^0.20.2"
          }
        },
        "react-scripts": {
          "version": "5.0.0",
          "requires": {
            "@babel/core": "^7.16.0",
            "@pmmmwh/react-refresh-webpack-plugin": "^0.5.3",
            "@svgr/webpack": "^5.5.0",
            "babel-jest": "^27.4.2",
            "babel-loader": "^8.2.3",
            "babel-plugin-named-asset-import": "^0.3.8",
            "babel-preset-react-app": "^10.0.1",
            "bfj": "^7.0.2",
            "browserslist": "^4.18.1",
            "camelcase": "^6.2.1",
            "case-sensitive-paths-webpack-plugin": "^2.4.0",
            "css-loader": "^6.5.1",
            "css-minimizer-webpack-plugin": "^3.2.0",
            "dotenv": "^10.0.0",
            "dotenv-expand": "^5.1.0",
            "eslint": "^8.3.0",
            "eslint-config-react-app": "^7.0.0",
            "eslint-webpack-plugin": "^3.1.1",
            "file-loader": "^6.2.0",
            "fs-extra": "^10.0.0",
            "fsevents": "^2.3.2",
            "html-webpack-plugin": "^5.5.0",
            "identity-obj-proxy": "^3.0.0",
            "jest": "^27.4.3",
            "jest-resolve": "^27.4.2",
            "jest-watch-typeahead": "^1.0.0",
            "mini-css-extract-plugin": "^2.4.5",
            "postcss": "^8.4.4",
            "postcss-flexbugs-fixes": "^5.0.2",
            "postcss-loader": "^6.2.1",
            "postcss-normalize": "^10.0.1",
            "postcss-preset-env": "^7.0.1",
            "prompts": "^2.4.2",
            "react-app-polyfill": "^3.0.0",
            "react-dev-utils": "^12.0.0",
            "react-refresh": "^0.11.0",
            "resolve": "^1.20.0",
            "resolve-url-loader": "^4.0.0",
            "sass-loader": "^12.3.0",
            "semver": "^7.3.5",
            "source-map-loader": "^3.0.0",
            "style-loader": "^3.3.1",
            "tailwindcss": "^3.0.2",
            "terser-webpack-plugin": "^5.2.5",
            "webpack": "^5.64.4",
            "webpack-dev-server": "^4.6.0",
            "webpack-manifest-plugin": "^4.0.2",
            "workbox-webpack-plugin": "^6.4.1"
          }
        }
      }
    },
    "antd": {
      "version": "file:../node_modules/antd",
      "requires": {
        "@ant-design/colors": "^6.0.0",
        "@ant-design/icons": "^4.7.0",
        "@ant-design/react-slick": "~0.28.1",
        "@babel/runtime": "^7.12.5",
        "@ctrl/tinycolor": "^3.4.0",
        "classnames": "^2.2.6",
        "copy-to-clipboard": "^3.2.0",
        "lodash": "^4.17.21",
        "memoize-one": "^6.0.0",
        "moment": "^2.25.3",
        "rc-cascader": "~3.2.1",
        "rc-checkbox": "~2.3.0",
        "rc-collapse": "~3.1.0",
        "rc-dialog": "~8.6.0",
        "rc-drawer": "~4.4.2",
        "rc-dropdown": "~3.2.5",
        "rc-field-form": "~1.23.0",
        "rc-image": "~5.2.5",
        "rc-input-number": "~7.3.0",
        "rc-mentions": "~1.6.1",
        "rc-menu": "~9.2.1",
        "rc-motion": "^2.4.4",
        "rc-notification": "~4.5.7",
        "rc-pagination": "~3.1.9",
        "rc-picker": "~2.5.17",
        "rc-progress": "~3.2.1",
        "rc-rate": "~2.9.0",
        "rc-resize-observer": "^1.2.0",
        "rc-select": "~14.0.0-alpha.15",
        "rc-slider": "~9.7.4",
        "rc-steps": "~4.1.0",
        "rc-switch": "~3.2.0",
        "rc-table": "~7.23.0",
        "rc-tabs": "~11.10.0",
        "rc-textarea": "~0.3.0",
        "rc-tooltip": "~5.1.1",
        "rc-tree": "~5.4.3",
        "rc-tree-select": "~5.1.1",
        "rc-trigger": "^5.2.10",
        "rc-upload": "~4.3.0",
        "rc-util": "^5.14.0",
        "scroll-into-view-if-needed": "^2.2.25"
      }
    },
    "react": {
      "version": "file:../node_modules/react",
      "requires": {
        "loose-envify": "^1.1.0",
        "object-assign": "^4.1.1"
      }
    },
    "react-dom": {
      "version": "file:../node_modules/react-dom",
      "requires": {
        "loose-envify": "^1.1.0",
        "object-assign": "^4.1.1",
        "scheduler": "^0.20.2"
      }
    },
    "react-scripts": {
      "version": "file:../node_modules/react-scripts",
      "requires": {
        "@babel/core": "^7.16.0",
        "@pmmmwh/react-refresh-webpack-plugin": "^0.5.3",
        "@svgr/webpack": "^5.5.0",
        "babel-jest": "^27.4.2",
        "babel-loader": "^8.2.3",
        "babel-plugin-named-asset-import": "^0.3.8",
        "babel-preset-react-app": "^10.0.1",
        "bfj": "^7.0.2",
        "browserslist": "^4.18.1",
        "camelcase": "^6.2.1",
        "case-sensitive-paths-webpack-plugin": "^2.4.0",
        "css-loader": "^6.5.1",
        "css-minimizer-webpack-plugin": "^3.2.0",
        "dotenv": "^10.0.0",
        "dotenv-expand": "^5.1.0",
        "eslint": "^8.3.0",
        "eslint-config-react-app": "^7.0.0",
        "eslint-webpack-plugin": "^3.1.1",
        "file-loader": "^6.2.0",
        "fs-extra": "^10.0.0",
        "fsevents": "^2.3.2",
        "html-webpack-plugin": "^5.5.0",
        "identity-obj-proxy": "^3.0.0",
        "jest": "^27.4.3",
        "jest-resolve": "^27.4.2",
        "jest-watch-typeahead": "^1.0.0",
        "mini-css-extract-plugin": "^2.4.5",
        "postcss": "^8.4.4",
        "postcss-flexbugs-fixes": "^5.0.2",
        "postcss-loader": "^6.2.1",
        "postcss-normalize": "^10.0.1",
        "postcss-preset-env": "^7.0.1",
        "prompts": "^2.4.2",
        "react-app-polyfill": "^3.0.0",
        "react-dev-utils": "^12.0.0",
        "react-refresh": "^0.11.0",
        "resolve": "^1.20.0",
        "resolve-url-loader": "^4.0.0",
        "sass-loader": "^12.3.0",
        "semver": "^7.3.5",
        "source-map-loader": "^3.0.0",
        "style-loader": "^3.3.1",
        "tailwindcss": "^3.0.2",
        "terser-webpack-plugin": "^5.2.5",
        "webpack": "^5.64.4",
        "webpack-dev-server": "^4.6.0",
        "webpack-manifest-plugin": "^4.0.2",
        "workbox-webpack-plugin": "^6.4.1"
      }
    }
  }
}
